
Microsoft Visual Studio Solution File, Format Version 12.00
# Visual Studio Version 16
VisualStudioVersion = 16.0.31702.278
MinimumVisualStudioVersion = 10.0.40219.1
Project("{FAE04EC0-301F-11D3-BF4B-00C04F79EFBC}") = "Consumer", "Consumer\Consumer.csproj", "{D9608374-1390-4E71-AFED-9A49E7F0708E}"
EndProject
Global
	GlobalSection(SolutionConfigurationPlatforms) = preSolution
		Debug|Any CPU = Debug|Any CPU
		Release|Any CPU = Release|Any CPU
	EndGlobalSection
	GlobalSection(ProjectConfigurationPlatforms) = postSolution
		{D9608374-1390-4E71-AFED-9A49E7F0708E}.Debug|Any CPU.ActiveCfg = Debug|Any CPU
		{D9608374-1390-4E71-AFED-9A49E7F0708E}.Debug|Any CPU.Build.0 = Debug|Any CPU
		{D9608374-1390-4E71-AFED-9A49E7F0708E}.Release|Any CPU.ActiveCfg = Release|Any CPU
		{D9608374-1390-4E71-AFED-9A49E7F0708E}.Release|Any CPU.Build.0 = Release|Any CPU
	EndGlobalSection
	GlobalSection(SolutionProperties) = preSolution
		HideSolutionNode = FALSE
	EndGlobalSection
	GlobalSection(ExtensibilityGlobals) = postSolution
		SolutionGuid = {DFD8C648-385A-4283-9184-38CF3B4032DC}
	EndGlobalSection
EndGlobal
